# THIS IS AN AUTOGENERATED FILE. DO NOT EDIT THIS FILE DIRECTLY.
# yarn lockfile v1


"@hotwired/stimulus@^3.0.0":
  version "3.0.0"
  resolved "https://registry.yarnpkg.com/@hotwired/stimulus/-/stimulus-3.0.0.tgz#45171e61417af60f0e546665c52fae5b67295cee"
  integrity sha512-UFIuuf7GjKJoIYromuTmqfzT8gZ8eu5zIB5m2QoEsopymGeN7rfDSTRPyRfwHIqP0x+0vWo4O1LFozw+/sWXxg==

"@hotwired/turbo-rails@^7.0.1":
  version "7.0.1"
  resolved "https://registry.yarnpkg.com/@hotwired/turbo-rails/-/turbo-rails-7.0.1.tgz#d39816eef215e83468fa306a963e7c874ffe70f7"
  integrity sha512-0cV7zG9aCzF/foidgfx6WvqKDcRKXJt2aT1fenNFywO7armGTD8S86V8U1IyUAHq+ZkIL26moc+AB40uTZt0oA==
  dependencies:
    "@hotwired/turbo" "^7.0.1"
    "@rails/actioncable" "^6.0.0"

"@hotwired/turbo@^7.0.1":
  version "7.0.1"
  resolved "https://registry.yarnpkg.com/@hotwired/turbo/-/turbo-7.0.1.tgz#2a8c6ab2f24914d1d47f3a7a7779e2881e8c61a0"
  integrity sha512-awqraytYXbHV2NT0WAOnDDDGJeHHnFtnztdXvRuIqgsStUtPKM8B9H7ISm77SwbHemEjxEOB8Ku4RfNbEEXsPQ==

"@popperjs/core@^2.9.0":
  version "2.10.2"
  resolved "https://registry.yarnpkg.com/@popperjs/core/-/core-2.10.2.tgz#0798c03351f0dea1a5a4cabddf26a55a7cbee590"
  integrity sha512-IXf3XA7+XyN7CP9gGh/XB0UxVMlvARGEgGXLubFICsUMGz6Q+DU+i4gGlpOxTjKvXjkJDJC8YdqdKkDj9qZHEQ==

"@rails/actioncable@^6.0.0":
  version "6.1.4"
  resolved "https://registry.yarnpkg.com/@rails/actioncable/-/actioncable-6.1.4.tgz#c3c5a9f8302c429af9722b6c50ab48049016d2a3"
  integrity sha512-0LmSKJTuo2dL6BQ+9xxLnS9lbkyfz2mBGeBnQ2J7o9Bn0l0q+ZC6VuoZMZZXPvABI4QT7Nfknv5WhfKYL+boew==

"@sweetalert2/theme-bulma@^5.0.5":
  version "5.0.5"
  resolved "https://registry.yarnpkg.com/@sweetalert2/theme-bulma/-/theme-bulma-5.0.5.tgz#d8a2bf9e03f429cefc2d66a83dbf282867b08c1c"
  integrity sha512-ymgUHvPoGulP1T8FWFSljJiAEbEjRs+nmy1ncDx1a5aruyXRjoZvlrp+lST9ig63YDrm+h20+PeJm3T20vKqgA==

"@tiptap/core@^2.0.0-beta.122":
  version "2.0.0-beta.122"
  resolved "https://registry.yarnpkg.com/@tiptap/core/-/core-2.0.0-beta.122.tgz#bba02ae53c1cfb209a672952ad8649feded6f462"
  integrity sha512-kuEYMfAV+2lO/QyL6yerfJo2fI9wnYCPvIJgpj9sTB0WeXl8ZiD53POlBZM0MEKqmUCtw5kqnGffnsEzSK7jGQ==
  dependencies:
    "@types/prosemirror-commands" "^1.0.4"
    "@types/prosemirror-keymap" "^1.0.4"
    "@types/prosemirror-model" "^1.13.2"
    "@types/prosemirror-schema-list" "^1.0.3"
    "@types/prosemirror-state" "^1.2.7"
    "@types/prosemirror-transform" "^1.1.4"
    "@types/prosemirror-view" "^1.19.1"
    prosemirror-commands "^1.1.11"
    prosemirror-keymap "^1.1.3"
    prosemirror-model "^1.14.3"
    prosemirror-schema-list "^1.1.6"
    prosemirror-state "^1.3.4"
    prosemirror-transform "^1.3.3"
    prosemirror-view "^1.20.2"

"@tiptap/extension-blockquote@^2.0.0-beta.17":
  version "2.0.0-beta.17"
  resolved "https://registry.yarnpkg.com/@tiptap/extension-blockquote/-/extension-blockquote-2.0.0-beta.17.tgz#960fd01eb08ea7762c706d6e1d5334145a258aca"
  integrity sha512-mn94P3TO6LFCvn/LEgAbZrtKWLJw3YQgGiI3Doa67DGUXeID0nlyu+5iVTHUOdMXtqWbYgRW8HGjVgdyo5G5cw==

"@tiptap/extension-bold@^2.0.0-beta.17":
  version "2.0.0-beta.17"
  resolved "https://registry.yarnpkg.com/@tiptap/extension-bold/-/extension-bold-2.0.0-beta.17.tgz#afbdc65190e62a5940f118296058a1887f521826"
  integrity sha512-17XOOasNK7sB6UdxDquF0s7Pdaitr165d3mwPrTETeQytS7cCnGpIjwg3rvp+LNgZMKEC4mxrBob8WxA7uK8Mg==

"@tiptap/extension-bullet-list@^2.0.0-beta.16":
  version "2.0.0-beta.16"
  resolved "https://registry.yarnpkg.com/@tiptap/extension-bullet-list/-/extension-bullet-list-2.0.0-beta.16.tgz#5e54ad5a4b9d8d46472a80034ad5629dc0e6d841"
  integrity sha512-+L4/Oeey1wqYwN2KGFfsw2K7qfn81FSNElRylhcG2RueqFnMgiaeigPDDIHT5xOqUQ0cyWsJxHoQOaKw4h2bPA==

"@tiptap/extension-code-block@^2.0.0-beta.21":
  version "2.0.0-beta.21"
  resolved "https://registry.yarnpkg.com/@tiptap/extension-code-block/-/extension-code-block-2.0.0-beta.21.tgz#bec900c16a8d5c5b33385016225caeba1892cfcb"
  integrity sha512-2D/aW3DqfvwmWWNY5z9LncXawkd4iyEtAXJ6a+b4F7K022z7wNloPicXEA/mKyyiYNezhTiN84aVdUVsnGsgAg==
  dependencies:
    prosemirror-state "^1.3.4"

"@tiptap/extension-code@^2.0.0-beta.18":
  version "2.0.0-beta.18"
  resolved "https://registry.yarnpkg.com/@tiptap/extension-code/-/extension-code-2.0.0-beta.18.tgz#1be641abbdf23d1ff53cf504c38108aec4853311"
  integrity sha512-d/QKmcCFwoYxoI+UPhB3Bb2EIFERw5MXZpNUxjnY3hDZfqA7AgXj6wiHS6RkQSeLgnQEULWRvtMU0J+Uvo0z6A==

"@tiptap/extension-document@^2.0.0-beta.13":
  version "2.0.0-beta.13"
  resolved "https://registry.yarnpkg.com/@tiptap/extension-document/-/extension-document-2.0.0-beta.13.tgz#8cfb29d4de64bf4a790817f730c05b4f9b7167b2"
  integrity sha512-nrufdKziA/wovaY4DjGkc8OGuIZi8CH8CW3+yYfeWbruwFKkyZHlZy9nplFWSEqBHPAeqD+px9r91yGMW3ontA==

"@tiptap/extension-dropcursor@^2.0.0-beta.19":
  version "2.0.0-beta.19"
  resolved "https://registry.yarnpkg.com/@tiptap/extension-dropcursor/-/extension-dropcursor-2.0.0-beta.19.tgz#8a37ffe27e484eb44dd18297830d1fd8ce0c50ce"
  integrity sha512-rslIcVvD42NNh5sEbkCkG03DWMFBrS5KoK+lDOdIcC1DjmTtpVgcLvvE01btzaB3ljx+UVqI2Zaxa6VOiTeEMw==
  dependencies:
    "@types/prosemirror-dropcursor" "^1.0.3"
    prosemirror-dropcursor "^1.3.5"

"@tiptap/extension-gapcursor@^2.0.0-beta.25":
  version "2.0.0-beta.25"
  resolved "https://registry.yarnpkg.com/@tiptap/extension-gapcursor/-/extension-gapcursor-2.0.0-beta.25.tgz#85e53380d6255ede6fffa005fee711c7a2b4546f"
  integrity sha512-dmow1C822DFfLhe+0bIRsdjTWjjzPeq2j9zpo2IaE54rMTfGVvrOPNe51OZ2KgpPob7iTilgaOZDTrnUW6ialw==
  dependencies:
    "@types/prosemirror-gapcursor" "^1.0.4"
    prosemirror-gapcursor "^1.2.0"

"@tiptap/extension-hard-break@^2.0.0-beta.22":
  version "2.0.0-beta.22"
  resolved "https://registry.yarnpkg.com/@tiptap/extension-hard-break/-/extension-hard-break-2.0.0-beta.22.tgz#3ecc62f33686e778d0c7a9f0ed6226c857bcb886"
  integrity sha512-ofoOBwjqcQJ2QCzAERPvwXOzTuf7lVuMb2soUUOyjIuwqXidGC30aY2peOnVGsFsdYNjeprOejE//ud7pg/3sA==

"@tiptap/extension-heading@^2.0.0-beta.16":
  version "2.0.0-beta.16"
  resolved "https://registry.yarnpkg.com/@tiptap/extension-heading/-/extension-heading-2.0.0-beta.16.tgz#4c8df08c33db0fb442d062d851a3b2c5c978416e"
  integrity sha512-z9NsabhyqIct8S12LdJ7XGGt73jlzwjDjqyc/g5AhEPZWNJ6k4yvcsGk+t6hEatK5O6ELs1gdeCOCElP0OqA8A==

"@tiptap/extension-history@^2.0.0-beta.16":
  version "2.0.0-beta.16"
  resolved "https://registry.yarnpkg.com/@tiptap/extension-history/-/extension-history-2.0.0-beta.16.tgz#f40317bab795e2daf981aa1a01d6025f306be72c"
  integrity sha512-nrNwV8a7zUt1t2I/kPX5Y6N9vZ8mrugimJIQmPGIp/4mmw1SEUzkaPpIsv6+ELmqMHSDktQ0ofb3pXeWDXWZvw==
  dependencies:
    "@types/prosemirror-history" "^1.0.3"
    prosemirror-history "^1.2.0"

"@tiptap/extension-horizontal-rule@^2.0.0-beta.22":
  version "2.0.0-beta.22"
  resolved "https://registry.yarnpkg.com/@tiptap/extension-horizontal-rule/-/extension-horizontal-rule-2.0.0-beta.22.tgz#f271eaabd869e2032a9c2d6db4d4ef127f12c9d3"
  integrity sha512-v9PFi8hxCBRMXCk5lK35sHetw95IzqjZ9ttkdgro2JfeDdOfFG7FylOrXriFvfKHCpbU2TNbZLud+fg8MXVPtQ==
  dependencies:
    prosemirror-state "^1.3.4"

"@tiptap/extension-italic@^2.0.0-beta.17":
  version "2.0.0-beta.17"
  resolved "https://registry.yarnpkg.com/@tiptap/extension-italic/-/extension-italic-2.0.0-beta.17.tgz#32483f3d2e8b732af5d833d81843b12552113dab"
  integrity sha512-rtbijLCunCp2xyvUxDcYJDErMn0EwZ+PUBYWBzCG1WpxxvsaqC+/yoj8mBKlxW1Dob/uFGkJnyMCZrhXMwW3iQ==

"@tiptap/extension-list-item@^2.0.0-beta.14":
  version "2.0.0-beta.14"
  resolved "https://registry.yarnpkg.com/@tiptap/extension-list-item/-/extension-list-item-2.0.0-beta.14.tgz#65a9ff9daa11bc9ca8bc2989a891abe68081cfbd"
  integrity sha512-t6xwEqP+d5443Ul2Jvqz9kXb3ro7bA7yY9HA0vskm3120WxxHW9jxgxZN+82Ot5Tm7nXOAlsN6vuqnt4idnxZQ==

"@tiptap/extension-ordered-list@^2.0.0-beta.17":
  version "2.0.0-beta.17"
  resolved "https://registry.yarnpkg.com/@tiptap/extension-ordered-list/-/extension-ordered-list-2.0.0-beta.17.tgz#76175bdf4604584da19b1b1280c5b2d683dcd24b"
  integrity sha512-gPAtg8nLdmGMgtdz6wVX6rVO/IpzrB3JyF8VBfKjwB0poQiGjEsSpQngWam7wokIuDYtMZuitUwmhVDBvGrNqw==

"@tiptap/extension-paragraph@^2.0.0-beta.17":
  version "2.0.0-beta.17"
  resolved "https://registry.yarnpkg.com/@tiptap/extension-paragraph/-/extension-paragraph-2.0.0-beta.17.tgz#f8f0263359b95dec9c10078699697908568d9be9"
  integrity sha512-qCQVCf9c2hgaeIdfy22PaoZyW5Vare/1aGkOEAaZma5RjrUbV9hrRKwoW9LsDjnh1EN1fIeKdg02yEhnHWtG8A==

"@tiptap/extension-strike@^2.0.0-beta.19":
  version "2.0.0-beta.19"
  resolved "https://registry.yarnpkg.com/@tiptap/extension-strike/-/extension-strike-2.0.0-beta.19.tgz#4f3cba8b5a42aca83ded088032ae84e1f0863161"
  integrity sha512-vRcUW6YkFcb535MgdEotwoqnrbhlsUoZ7nKoZ5MNA+Nu6rXRAz5VXaHncFNpWM77WcEbuaOKvcGolkMK1q2BIw==

"@tiptap/extension-text@^2.0.0-beta.13":
  version "2.0.0-beta.13"
  resolved "https://registry.yarnpkg.com/@tiptap/extension-text/-/extension-text-2.0.0-beta.13.tgz#da0af8d9a3f149d20076e15d88c6af21fb6d940f"
  integrity sha512-0EtAwuRldCAoFaL/iXgkRepEeOd55rPg5N4FQUN1xTwZT7PDofukP0DG/2jff/Uj17x4uTaJAa9qlFWuNnDvjw==

"@tiptap/starter-kit@^2.0.0-beta.123":
  version "2.0.0-beta.123"
  resolved "https://registry.yarnpkg.com/@tiptap/starter-kit/-/starter-kit-2.0.0-beta.123.tgz#4b202e7e455eee9a87006abb8773aa0c06f32ad0"
  integrity sha512-r46ChIuthSecoozfRATPqRUffU8t1tVycAwH+0zdpJVtBmMiVV8hHp0otasvFn5w7d38MbaYHGEaH40myc2mrg==
  dependencies:
    "@tiptap/core" "^2.0.0-beta.122"
    "@tiptap/extension-blockquote" "^2.0.0-beta.17"
    "@tiptap/extension-bold" "^2.0.0-beta.17"
    "@tiptap/extension-bullet-list" "^2.0.0-beta.16"
    "@tiptap/extension-code" "^2.0.0-beta.18"
    "@tiptap/extension-code-block" "^2.0.0-beta.21"
    "@tiptap/extension-document" "^2.0.0-beta.13"
    "@tiptap/extension-dropcursor" "^2.0.0-beta.19"
    "@tiptap/extension-gapcursor" "^2.0.0-beta.25"
    "@tiptap/extension-hard-break" "^2.0.0-beta.22"
    "@tiptap/extension-heading" "^2.0.0-beta.16"
    "@tiptap/extension-history" "^2.0.0-beta.16"
    "@tiptap/extension-horizontal-rule" "^2.0.0-beta.22"
    "@tiptap/extension-italic" "^2.0.0-beta.17"
    "@tiptap/extension-list-item" "^2.0.0-beta.14"
    "@tiptap/extension-ordered-list" "^2.0.0-beta.17"
    "@tiptap/extension-paragraph" "^2.0.0-beta.17"
    "@tiptap/extension-strike" "^2.0.0-beta.19"
    "@tiptap/extension-text" "^2.0.0-beta.13"

"@types/orderedmap@*":
  version "1.0.0"
  resolved "https://registry.yarnpkg.com/@types/orderedmap/-/orderedmap-1.0.0.tgz#807455a192bba52cbbb4517044bc82bdbfa8c596"
  integrity sha512-dxKo80TqYx3YtBipHwA/SdFmMMyLCnP+5mkEqN0eMjcTBzHkiiX0ES118DsjDBjvD+zeSsSU9jULTZ+frog+Gw==

"@types/prosemirror-commands@*", "@types/prosemirror-commands@^1.0.4":
  version "1.0.4"
  resolved "https://registry.yarnpkg.com/@types/prosemirror-commands/-/prosemirror-commands-1.0.4.tgz#d08551415127d93ae62e7239d30db0b5e7208e22"
  integrity sha512-utDNYB3EXLjAfYIcRWJe6pn3kcQ5kG4RijbT/0Y/TFOm6yhvYS/D9eJVnijdg9LDjykapcezchxGRqFD5LcyaQ==
  dependencies:
    "@types/prosemirror-model" "*"
    "@types/prosemirror-state" "*"
    "@types/prosemirror-view" "*"

"@types/prosemirror-dropcursor@^1.0.3":
  version "1.0.3"
  resolved "https://registry.yarnpkg.com/@types/prosemirror-dropcursor/-/prosemirror-dropcursor-1.0.3.tgz#49250849b8a0b86e8c29eb1ba70a463e53e46947"
  integrity sha512-b0/8njnJ4lwyHKcGuCMf3x7r1KjxyugB1R/c2iMCjplsJHSC7UY9+OysqgJR5uUXRekUSGniiLgBtac/lvH6wg==
  dependencies:
    "@types/prosemirror-state" "*"

"@types/prosemirror-gapcursor@^1.0.4":
  version "1.0.4"
  resolved "https://registry.yarnpkg.com/@types/prosemirror-gapcursor/-/prosemirror-gapcursor-1.0.4.tgz#7df7d373edb33ea8da12084bfd462cf84cd69761"
  integrity sha512-9xKjFIG5947dzerFvkLWp6F53JwrUYoYwh3SgcTFEp8SbSfNNrez/PFYVZKPnoqPoaK5WtTdQTaMwpCV9rXQIg==
  dependencies:
    "@types/prosemirror-model" "*"
    "@types/prosemirror-state" "*"

"@types/prosemirror-history@^1.0.3":
  version "1.0.3"
  resolved "https://registry.yarnpkg.com/@types/prosemirror-history/-/prosemirror-history-1.0.3.tgz#f1110efbe758129b5475e466ff077f0a8d9b964f"
  integrity sha512-5TloMDRavgLjOAKXp1Li8u0xcsspzbT1Cm9F2pwHOkgvQOz1jWQb2VIXO7RVNsFjLBZdIXlyfSLivro3DuMWXg==
  dependencies:
    "@types/prosemirror-model" "*"
    "@types/prosemirror-state" "*"

"@types/prosemirror-keymap@^1.0.4":
  version "1.0.4"
  resolved "https://registry.yarnpkg.com/@types/prosemirror-keymap/-/prosemirror-keymap-1.0.4.tgz#f73c79810e8d0e0a20d153d84f998f02e5afbc0c"
  integrity sha512-ycevwkqUh+jEQtPwqO7sWGcm+Sybmhu8MpBsM8DlO3+YTKnXbKA6SDz/+q14q1wK3UA8lHJyfR+v+GPxfUSemg==
  dependencies:
    "@types/prosemirror-commands" "*"
    "@types/prosemirror-model" "*"
    "@types/prosemirror-state" "*"
    "@types/prosemirror-view" "*"

"@types/prosemirror-model@*", "@types/prosemirror-model@^1.13.2":
  version "1.13.2"
  resolved "https://registry.yarnpkg.com/@types/prosemirror-model/-/prosemirror-model-1.13.2.tgz#2adad3ec478f83204f155d7fb94c9dfde2fc3296"
  integrity sha512-a2rDB0aZ+7aIP7uBqQq1wLb4Hg4qqEvpkCqvhsgT/gG8IWC0peCAZfQ24sgTco0qSJLeDgIbtPeU6mgr869/kg==
  dependencies:
    "@types/orderedmap" "*"

"@types/prosemirror-schema-list@^1.0.3":
  version "1.0.3"
  resolved "https://registry.yarnpkg.com/@types/prosemirror-schema-list/-/prosemirror-schema-list-1.0.3.tgz#bdf1893a7915fbdc5c49b3cac9368e96213d70de"
  integrity sha512-uWybOf+M2Ea7rlbs0yLsS4YJYNGXYtn4N+w8HCw3Vvfl6wBAROzlMt0gV/D/VW/7J/LlAjwMezuGe8xi24HzXA==
  dependencies:
    "@types/orderedmap" "*"
    "@types/prosemirror-model" "*"
    "@types/prosemirror-state" "*"

"@types/prosemirror-state@*", "@types/prosemirror-state@^1.2.7":
  version "1.2.7"
  resolved "https://registry.yarnpkg.com/@types/prosemirror-state/-/prosemirror-state-1.2.7.tgz#cd55062e4043a31e3426f47668f1d7038b5d8dfb"
  integrity sha512-clJf5uw3/XQnBJtl2RqYXoLMGBySnLYl43xtDvFfQZKkLnnYcM1SDU8dcz7lWjl2Dm+H98RpLOl44pp7DYT+wA==
  dependencies:
    "@types/prosemirror-model" "*"
    "@types/prosemirror-transform" "*"
    "@types/prosemirror-view" "*"

"@types/prosemirror-transform@*", "@types/prosemirror-transform@^1.1.4":
  version "1.1.4"
  resolved "https://registry.yarnpkg.com/@types/prosemirror-transform/-/prosemirror-transform-1.1.4.tgz#c3565e81b2ef3ce3254e6927d6f63eb8d7bb20d0"
  integrity sha512-HP1PauvkqSgDquZut8HaLOTUDQ6jja/LAy4OA7tTS1XG7wqRnX3gLUyEj0mD6vFd4y8BPkNddNdOh/BeGHlUjg==
  dependencies:
    "@types/prosemirror-model" "*"

"@types/prosemirror-view@*", "@types/prosemirror-view@^1.19.1":
  version "1.19.1"
  resolved "https://registry.yarnpkg.com/@types/prosemirror-view/-/prosemirror-view-1.19.1.tgz#f12309ef07dfb701d20c2e4d0292d42ba34a081b"
  integrity sha512-fyQ4NVxAdfISWrE2qT8cpZdosXoH/1JuVYMBs9CdaXPbvi/8R2L2tkkcMRM314piKrO8nfYH5OBZKzP2Ax3jtA==
  dependencies:
    "@types/prosemirror-model" "*"
    "@types/prosemirror-state" "*"
    "@types/prosemirror-transform" "*"

anymatch@~3.1.2:
  version "3.1.2"
  resolved "https://registry.yarnpkg.com/anymatch/-/anymatch-3.1.2.tgz#c0557c096af32f106198f4f4e2a383537e378716"
  integrity sha512-P43ePfOAIupkguHUycrc4qJ9kz8ZiuOUijaETwX7THt0Y/GNK7v0aa8rY816xWjZ7rJdA5XdMcpVFTKMq+RvWg==
  dependencies:
    normalize-path "^3.0.0"
    picomatch "^2.0.4"

binary-extensions@^2.0.0:
  version "2.2.0"
  resolved "https://registry.yarnpkg.com/binary-extensions/-/binary-extensions-2.2.0.tgz#75f502eeaf9ffde42fc98829645be4ea76bd9e2d"
  integrity sha512-jDctJ/IVQbZoJykoeHbhXpOlNBqGNcwXJKJog42E5HDPUwQTSdjCHdihjj0DlnheQ7blbT6dHOafNAiS8ooQKA==

braces@~3.0.2:
  version "3.0.2"
  resolved "https://registry.yarnpkg.com/braces/-/braces-3.0.2.tgz#3454e1a462ee8d599e236df336cd9ea4f8afe107"
  integrity sha512-b8um+L1RzM3WDSzvhm6gIz1yfTbBt6YTlcEKAvsmqCZZFw46z626lVj9j1yEPW33H5H+lBQpZMP1k8l+78Ha0A==
  dependencies:
    fill-range "^7.0.1"

bulma@^0.9.3:
  version "0.9.3"
  resolved "https://registry.yarnpkg.com/bulma/-/bulma-0.9.3.tgz#ddccb7436ebe3e21bf47afe01d3c43a296b70243"
  integrity sha512-0d7GNW1PY4ud8TWxdNcP6Cc8Bu7MxcntD/RRLGWuiw/s0a9P+XlH/6QoOIrmbj6o8WWJzJYhytiu9nFjTszk1g==

"chokidar@>=3.0.0 <4.0.0":
  version "3.5.2"
  resolved "https://registry.yarnpkg.com/chokidar/-/chokidar-3.5.2.tgz#dba3976fcadb016f66fd365021d91600d01c1e75"
  integrity sha512-ekGhOnNVPgT77r4K/U3GDhu+FQ2S8TnK/s2KbIGXi0SZWuwkZ2QNyfWdZW+TVfn84DpEP7rLeCt2UI6bJ8GwbQ==
  dependencies:
    anymatch "~3.1.2"
    braces "~3.0.2"
    glob-parent "~5.1.2"
    is-binary-path "~2.1.0"
    is-glob "~4.0.1"
    normalize-path "~3.0.0"
    readdirp "~3.6.0"
  optionalDependencies:
    fsevents "~2.3.2"

css.gg@^2.0.0:
  version "2.0.0"
  resolved "https://registry.yarnpkg.com/css.gg/-/css.gg-2.0.0.tgz#1ba891092ceac58a2550540171c2d469a86b27b2"
  integrity sha512-8qO59kSXLbewo7xaUM4eC8328MTdGmb8atpmw6PRzeDGsZrCkAVjJzKeFDIntagl1/aCee+NG1OQtIvWAjgG/A==

domino@^2.1.6:
  version "2.1.6"
  resolved "https://registry.yarnpkg.com/domino/-/domino-2.1.6.tgz#fe4ace4310526e5e7b9d12c7de01b7f485a57ffe"
  integrity sha512-3VdM/SXBZX2omc9JF9nOPCtDaYQ67BGp5CoLpIQlO2KCAPETs8TcDHacF26jXadGbvUteZzRTeos2fhID5+ucQ==

esbuild-android-arm64@0.13.4:
  version "0.13.4"
  resolved "https://registry.yarnpkg.com/esbuild-android-arm64/-/esbuild-android-arm64-0.13.4.tgz#5178a20d2b7aba741a31c19609f9e67b346996b9"
  integrity sha512-elDJt+jNyoHFId0/dKsuVYUPke3EcquIyUwzJCH17a3ERglN3A9aMBI5zbz+xNZ+FbaDNdpn0RaJHCFLbZX+fA==

esbuild-darwin-64@0.13.4:
  version "0.13.4"
  resolved "https://registry.yarnpkg.com/esbuild-darwin-64/-/esbuild-darwin-64-0.13.4.tgz#7a3e66c8e1271b650541b25eed65c84f3564a69d"
  integrity sha512-zJQGyHRAdZUXlRzbN7W+7ykmEiGC+bq3Gc4GxKYjjWTgDRSEly98ym+vRNkDjXwXYD3gGzSwvH35+MiHAtWvLA==

esbuild-darwin-arm64@0.13.4:
  version "0.13.4"
  resolved "https://registry.yarnpkg.com/esbuild-darwin-arm64/-/esbuild-darwin-arm64-0.13.4.tgz#793feca6032b2a57ef291eb9b2d33768d60a49d6"
  integrity sha512-r8oYvAtqSGq8HNTZCAx4TdLE7jZiGhX9ooGi5AQAey37MA6XNaP8ZNlw9OCpcgpx3ryU2WctXwIqPzkHO7a8dg==

esbuild-freebsd-64@0.13.4:
  version "0.13.4"
  resolved "https://registry.yarnpkg.com/esbuild-freebsd-64/-/esbuild-freebsd-64-0.13.4.tgz#294aec3c2cf4b41fb6900212fc9c33dd8fbbb4a2"
  integrity sha512-u9DRGkn09EN8+lCh6z7FKle7awi17PJRBuAKdRNgSo5ZrH/3m+mYaJK2PR2URHMpAfXiwJX341z231tSdVe3Yw==

esbuild-freebsd-arm64@0.13.4:
  version "0.13.4"
  resolved "https://registry.yarnpkg.com/esbuild-freebsd-arm64/-/esbuild-freebsd-arm64-0.13.4.tgz#09fe66c751c12f9b976976b1d83f3de594cb2787"
  integrity sha512-q3B2k68Uf6gfjATjcK16DqxvjqRQkHL8aPoOfj4op+lSqegdXvBacB1d8jw8PxbWJ8JHpdTLdAVUYU80kotQXA==

esbuild-linux-32@0.13.4:
  version "0.13.4"
  resolved "https://registry.yarnpkg.com/esbuild-linux-32/-/esbuild-linux-32-0.13.4.tgz#a9f0793d7bcc9cef4f4ffa4398c525877fba5839"
  integrity sha512-UUYJPHSiKAO8KoN3Ls/iZtgDLZvK5HarES96aolDPWZnq9FLx4dIHM/x2z4Rxv9IYqQ/DxlPoE2Co1UPBIYYeA==

esbuild-linux-64@0.13.4:
  version "0.13.4"
  resolved "https://registry.yarnpkg.com/esbuild-linux-64/-/esbuild-linux-64-0.13.4.tgz#c0d0b4c9d62e3bbf8bdf2cece37403aa6d60fc2e"
  integrity sha512-+RnohAKiiUW4UHLGRkNR1AnENW1gCuDWuygEtd4jxTNPIoeC7lbXGor7rtgjj9AdUzFgOEvAXyNNX01kJ8NueQ==

esbuild-linux-arm64@0.13.4:
  version "0.13.4"
  resolved "https://registry.yarnpkg.com/esbuild-linux-arm64/-/esbuild-linux-arm64-0.13.4.tgz#1292d97bfa64a08d12728f8a7837bf92776c779b"
  integrity sha512-+A188cAdd6QuSRxMIwRrWLjgphQA0LDAQ/ECVlrPVJwnx+1i64NjDZivoqPYLOTkSPIKntiWwMhhf0U5/RrPHQ==

esbuild-linux-arm@0.13.4:
  version "0.13.4"
  resolved "https://registry.yarnpkg.com/esbuild-linux-arm/-/esbuild-linux-arm-0.13.4.tgz#186cd9b8885ac132b9953a4a0afe668168debd10"
  integrity sha512-BH5gKve4jglS7UPSsfwHSX79I5agC/lm4eKoRUEyo8lwQs89frQSRp2Xup+6SFQnxt3md5EsKcd2Dbkqeb3gPA==

esbuild-linux-mips64le@0.13.4:
  version "0.13.4"
  resolved "https://registry.yarnpkg.com/esbuild-linux-mips64le/-/esbuild-linux-mips64le-0.13.4.tgz#42049bf72bc586817b4a51cc9e32148d13e5e807"
  integrity sha512-0xkwtPaUkG5xMTFGaQPe1AadSe5QAiQuD4Gix1O9k5Xo/U8xGIkw9UFUTvfEUeu71vFb6ZgsIacfP1NLoFjWNw==

esbuild-linux-ppc64le@0.13.4:
  version "0.13.4"
  resolved "https://registry.yarnpkg.com/esbuild-linux-ppc64le/-/esbuild-linux-ppc64le-0.13.4.tgz#adf1ce2ef2302757c4383887da6ac4dd25be9d4f"
  integrity sha512-E1+oJPP7A+j23GPo3CEpBhGwG1bni4B8IbTA3/3rvzjURwUMZdcN3Fhrz24rnjzdLSHmULtOE4VsbT42h1Om4Q==

esbuild-openbsd-64@0.13.4:
  version "0.13.4"
  resolved "https://registry.yarnpkg.com/esbuild-openbsd-64/-/esbuild-openbsd-64-0.13.4.tgz#1c8122101898c52a20c8786935cf3eb7a19b83b4"
  integrity sha512-xEkI1o5HYxDzbv9jSox0EsDxpwraG09SRiKKv0W8pH6O3bt+zPSlnoK7+I7Q69tkvONkpIq5n2o+c55uq0X7cw==

esbuild-sunos-64@0.13.4:
  version "0.13.4"
  resolved "https://registry.yarnpkg.com/esbuild-sunos-64/-/esbuild-sunos-64-0.13.4.tgz#4ec95faa14a60f295fe485bebffefff408739337"
  integrity sha512-bjXUMcODMnB6hQicLBBmmnBl7OMDyVpFahKvHGXJfDChIi5udiIRKCmFUFIRn+AUAKVlfrofRKdyPC7kBsbvGQ==

esbuild-windows-32@0.13.4:
  version "0.13.4"
  resolved "https://registry.yarnpkg.com/esbuild-windows-32/-/esbuild-windows-32-0.13.4.tgz#3182c380487b797b04d0ec2c80c2945666869080"
  integrity sha512-z4CH07pfyVY0XF98TCsGmLxKCl0kyvshKDbdpTekW9f2d+dJqn5mmoUyWhpSVJ0SfYWJg86FoD9nMbbaMVyGdg==

esbuild-windows-64@0.13.4:
  version "0.13.4"
  resolved "https://registry.yarnpkg.com/esbuild-windows-64/-/esbuild-windows-64-0.13.4.tgz#b9e995f92d81f433a04f33611e603e82f9232e69"
  integrity sha512-uVL11vORRPjocGLYam67rwFLd0LvkrHEs+JG+1oJN4UD9MQmNGZPa4gBHo6hDpF+kqRJ9kXgQSeDqUyRy0tj/Q==

esbuild-windows-arm64@0.13.4:
  version "0.13.4"
  resolved "https://registry.yarnpkg.com/esbuild-windows-arm64/-/esbuild-windows-arm64-0.13.4.tgz#fb239532f07b764d158f4cc787178ef4c6fadb5c"
  integrity sha512-vA6GLvptgftRcDcWngD5cMlL4f4LbL8JjU2UMT9yJ0MT5ra6hdZNFWnOeOoEtY4GtJ6OjZ0i+81sTqhAB0fMkg==

esbuild@^0.13.4:
  version "0.13.4"
  resolved "https://registry.yarnpkg.com/esbuild/-/esbuild-0.13.4.tgz#ce2deb56c4fb360938311cbfc67f8e467bb6841b"
  integrity sha512-wMA5eUwpavTBiNl+It6j8OQuKVh69l6z4DKDLzoTIqC+gChnPpcmqdA8WNHptUHRnfyML+mKEQPlW7Mybj8gHg==
  optionalDependencies:
    esbuild-android-arm64 "0.13.4"
    esbuild-darwin-64 "0.13.4"
    esbuild-darwin-arm64 "0.13.4"
    esbuild-freebsd-64 "0.13.4"
    esbuild-freebsd-arm64 "0.13.4"
    esbuild-linux-32 "0.13.4"
    esbuild-linux-64 "0.13.4"
    esbuild-linux-arm "0.13.4"
    esbuild-linux-arm64 "0.13.4"
    esbuild-linux-mips64le "0.13.4"
    esbuild-linux-ppc64le "0.13.4"
    esbuild-openbsd-64 "0.13.4"
    esbuild-sunos-64 "0.13.4"
    esbuild-windows-32 "0.13.4"
    esbuild-windows-64 "0.13.4"
    esbuild-windows-arm64 "0.13.4"

fill-range@^7.0.1:
  version "7.0.1"
  resolved "https://registry.yarnpkg.com/fill-range/-/fill-range-7.0.1.tgz#1919a6a7c75fe38b2c7c77e5198535da9acdda40"
  integrity sha512-qOo9F+dMUmC2Lcb4BbVvnKJxTPjCm+RRpe4gDuGrzkL7mEVl/djYSu2OdQ2Pa302N4oqkSg9ir6jaLWJ2USVpQ==
  dependencies:
    to-regex-range "^5.0.1"

fsevents@~2.3.2:
  version "2.3.2"
  resolved "https://registry.yarnpkg.com/fsevents/-/fsevents-2.3.2.tgz#8a526f78b8fdf4623b709e0b975c52c24c02fd1a"
  integrity sha512-xiqMQR4xAeHTuB9uWm+fFRcIOgKBMiOBP+eXiyT7jsgVCq1bkVygt00oASowB7EdtpOHaaPgKt812P9ab+DDKA==

glob-parent@~5.1.2:
  version "5.1.2"
  resolved "https://registry.yarnpkg.com/glob-parent/-/glob-parent-5.1.2.tgz#869832c58034fe68a4093c17dc15e8340d8401c4"
  integrity sha512-AOIgSQCepiJYwP3ARnGx+5VnTu2HBYdzbGP45eLw1vr3zB3vZLeyed1sC9hnbcOc9/SrMyM5RPQrkGz4aS9Zow==
  dependencies:
    is-glob "^4.0.1"

is-binary-path@~2.1.0:
  version "2.1.0"
  resolved "https://registry.yarnpkg.com/is-binary-path/-/is-binary-path-2.1.0.tgz#ea1f7f3b80f064236e83470f86c09c254fb45b09"
  integrity sha512-ZMERYes6pDydyuGidse7OsHxtbI7WVeUEozgR/g7rd0xUimYNlvZRE/K2MgZTjWy725IfelLeVcEM97mmtRGXw==
  dependencies:
    binary-extensions "^2.0.0"

is-extglob@^2.1.1:
  version "2.1.1"
  resolved "https://registry.yarnpkg.com/is-extglob/-/is-extglob-2.1.1.tgz#a88c02535791f02ed37c76a1b9ea9773c833f8c2"
  integrity sha1-qIwCU1eR8C7TfHahueqXc8gz+MI=

is-glob@^4.0.1, is-glob@~4.0.1:
  version "4.0.3"
  resolved "https://registry.yarnpkg.com/is-glob/-/is-glob-4.0.3.tgz#64f61e42cbbb2eec2071a9dac0b28ba1e65d5084"
  integrity sha512-xelSayHH36ZgE7ZWhli7pW34hNbNl8Ojv5KVmkJD4hBdD3th8Tfk9vYasLM+mXWOZhFkgZfxhLSnrwRr4elSSg==
  dependencies:
    is-extglob "^2.1.1"

is-number@^7.0.0:
  version "7.0.0"
  resolved "https://registry.yarnpkg.com/is-number/-/is-number-7.0.0.tgz#7535345b896734d5f80c4d06c50955527a14f12b"
  integrity sha512-41Cifkg6e8TylSpdtTpeLVMqvSBEVzTttHvERD741+pnZ8ANv0004MRL43QKPDlK9cGvNp6NZWZUBlbGXYxxng==

normalize-path@^3.0.0, normalize-path@~3.0.0:
  version "3.0.0"
  resolved "https://registry.yarnpkg.com/normalize-path/-/normalize-path-3.0.0.tgz#0dcd69ff23a1c9b11fd0978316644a0388216a65"
  integrity sha512-6eZs5Ls3WtCisHWp9S2GUy8dqkpGi4BVSz3GaqiE6ezub0512ESztXUwUB6C6IKbQkY2Pnb/mD4WYojCRwcwLA==

orderedmap@^1.1.0:
  version "1.1.1"
  resolved "https://registry.yarnpkg.com/orderedmap/-/orderedmap-1.1.1.tgz#c618e77611b3b21d0fe3edc92586265e0059c789"
  integrity sha512-3Ux8um0zXbVacKUkcytc0u3HgC0b0bBLT+I60r2J/En72cI0nZffqrA7Xtf2Hqs27j1g82llR5Mhbd0Z1XW4AQ==

picomatch@^2.0.4, picomatch@^2.2.1:
  version "2.3.0"
  resolved "https://registry.yarnpkg.com/picomatch/-/picomatch-2.3.0.tgz#f1f061de8f6a4bf022892e2d128234fb98302972"
  integrity sha512-lY1Q/PiJGC2zOv/z391WOTD+Z02bCgsFfvxoXXf6h7kv9o+WmsmzYqrAwY63sNgOxE4xEdq0WyUnXfKeBrSvYw==

prosemirror-commands@^1.1.11:
  version "1.1.11"
  resolved "https://registry.yarnpkg.com/prosemirror-commands/-/prosemirror-commands-1.1.11.tgz#369252fcca5397ee7b011b963cc4da45b0b7cb70"
  integrity sha512-uXDVkOGJbFHocdacMJihrnQCT7tHswO48ewq6ByqLxTwOrI8Y4B4aHvwUbM4epwElv/YjgC+DuqXm/gEHPym4w==
  dependencies:
    prosemirror-model "^1.0.0"
    prosemirror-state "^1.0.0"
    prosemirror-transform "^1.0.0"

prosemirror-dropcursor@^1.3.5:
  version "1.3.5"
  resolved "https://registry.yarnpkg.com/prosemirror-dropcursor/-/prosemirror-dropcursor-1.3.5.tgz#d2808c17089df0e441ad66016aecc2b6457c8a1f"
  integrity sha512-tNUwcF2lPAkwKBZPZRtbxpwljnODRNZ3eiYloN1DSUqDjMT1nBZm0nejaEMS1TvNQ+3amibUSAiV4hX+jpASFA==
  dependencies:
    prosemirror-state "^1.0.0"
    prosemirror-transform "^1.1.0"
    prosemirror-view "^1.1.0"

prosemirror-gapcursor@^1.2.0:
  version "1.2.0"
  resolved "https://registry.yarnpkg.com/prosemirror-gapcursor/-/prosemirror-gapcursor-1.2.0.tgz#28fb60bf3d9baf1f920907d2c3e613137204e8f3"
  integrity sha512-yCLy5+0rVqLir/KcHFathQj4Rf8aRHi80FmEfKtM0JmyzvwdomslLzDZ/pX4oFhFKDgjl/WBBBFNqDyNifWg7g==
  dependencies:
    prosemirror-keymap "^1.0.0"
    prosemirror-model "^1.0.0"
    prosemirror-state "^1.0.0"
    prosemirror-view "^1.0.0"

prosemirror-history@^1.2.0:
  version "1.2.0"
  resolved "https://registry.yarnpkg.com/prosemirror-history/-/prosemirror-history-1.2.0.tgz#04cc4df8d2f7b2a46651a2780de191ada6d465ea"
  integrity sha512-B9v9xtf4fYbKxQwIr+3wtTDNLDZcmMMmGiI3TAPShnUzvo+Rmv1GiUrsQChY1meetHl7rhML2cppF3FTs7f7UQ==
  dependencies:
    prosemirror-state "^1.2.2"
    prosemirror-transform "^1.0.0"
    rope-sequence "^1.3.0"

prosemirror-keymap@^1.0.0, prosemirror-keymap@^1.1.3:
  version "1.1.4"
  resolved "https://registry.yarnpkg.com/prosemirror-keymap/-/prosemirror-keymap-1.1.4.tgz#8b481bf8389a5ac40d38dbd67ec3da2c7eac6a6d"
  integrity sha512-Al8cVUOnDFL4gcI5IDlG6xbZ0aOD/i3B17VT+1JbHWDguCgt/lBHVTHUBcKvvbSg6+q/W4Nj1Fu6bwZSca3xjg==
  dependencies:
    prosemirror-state "^1.0.0"
    w3c-keyname "^2.2.0"

prosemirror-model@^1.0.0, prosemirror-model@^1.14.3:
  version "1.14.3"
  resolved "https://registry.yarnpkg.com/prosemirror-model/-/prosemirror-model-1.14.3.tgz#a9c250d3c4023ddf10ecb41a0a7a130e9741d37e"
  integrity sha512-yzZlBaSxfUPIIP6U5Edh5zKxJPZ5f7bwZRhiCuH3UYkWhj+P3d8swHsbuAMOu/iDatDc5J/Qs5Mb3++mZf+CvQ==
  dependencies:
    orderedmap "^1.1.0"

prosemirror-schema-list@^1.1.6:
  version "1.1.6"
  resolved "https://registry.yarnpkg.com/prosemirror-schema-list/-/prosemirror-schema-list-1.1.6.tgz#c3e13fe2f74750e4a53ff88d798dc0c4ccca6707"
  integrity sha512-aFGEdaCWmJzouZ8DwedmvSsL50JpRkqhQ6tcpThwJONVVmCgI36LJHtoQ4VGZbusMavaBhXXr33zyD2IVsTlkw==
  dependencies:
    prosemirror-model "^1.0.0"
    prosemirror-transform "^1.0.0"

prosemirror-state@^1.0.0, prosemirror-state@^1.2.2, prosemirror-state@^1.3.4:
  version "1.3.4"
  resolved "https://registry.yarnpkg.com/prosemirror-state/-/prosemirror-state-1.3.4.tgz#4c6b52628216e753fc901c6d2bfd84ce109e8952"
  integrity sha512-Xkkrpd1y/TQ6HKzN3agsQIGRcLckUMA9u3j207L04mt8ToRgpGeyhbVv0HI7omDORIBHjR29b7AwlATFFf2GLA==
  dependencies:
    prosemirror-model "^1.0.0"
    prosemirror-transform "^1.0.0"

prosemirror-transform@^1.0.0, prosemirror-transform@^1.1.0, prosemirror-transform@^1.3.3:
  version "1.3.3"
  resolved "https://registry.yarnpkg.com/prosemirror-transform/-/prosemirror-transform-1.3.3.tgz#5f6712b0577a119cc418686fe7588b6dd9b7464d"
  integrity sha512-9NLVXy1Sfa2G6qPqhWMkEvwQQMTw7OyTqOZbJaGQWsCeH3hH5Cw+c5eNaLM1Uu75EyKLsEZhJ93XpHJBa6RX8A==
  dependencies:
    prosemirror-model "^1.0.0"

prosemirror-view@^1.0.0, prosemirror-view@^1.1.0, prosemirror-view@^1.20.2:
  version "1.20.2"
  resolved "https://registry.yarnpkg.com/prosemirror-view/-/prosemirror-view-1.20.2.tgz#fc073def4358fdbd617ea11f5cd4217c5123635d"
  integrity sha512-zh67dsGCI7QKWDbtLEAdZLmadxBJYRArM8E0z2wfuNGpx4i6ObVGzHjbnblZs2n88IwqHdEA47rEhyUqZ+kAbg==
  dependencies:
    prosemirror-model "^1.14.3"
    prosemirror-state "^1.0.0"
    prosemirror-transform "^1.1.0"

rangy@^1.3.0:
  version "1.3.0"
  resolved "https://registry.yarnpkg.com/rangy/-/rangy-1.3.0.tgz#b7c9a70aea05e5d8cdc74a8d4c8273d697271904"
  integrity sha1-t8mnCuoF5djNx0qNTIJz1pcnGQQ=

readdirp@~3.6.0:
  version "3.6.0"
  resolved "https://registry.yarnpkg.com/readdirp/-/readdirp-3.6.0.tgz#74a370bd857116e245b29cc97340cd431a02a6c7"
  integrity sha512-hOS089on8RduqdbhvQ5Z37A0ESjsqz6qnRcffsMU3495FuTdqSm+7bhJ29JvIOsBDEEnan5DPu9t3To9VRlMzA==
  dependencies:
    picomatch "^2.2.1"

rope-sequence@^1.3.0:
  version "1.3.2"
  resolved "https://registry.yarnpkg.com/rope-sequence/-/rope-sequence-1.3.2.tgz#a19e02d72991ca71feb6b5f8a91154e48e3c098b"
  integrity sha512-ku6MFrwEVSVmXLvy3dYph3LAMNS0890K7fabn+0YIRQ2T96T9F4gkFf0vf0WW0JUraNWwGRtInEpH7yO4tbQZg==

sass@^1.42.1:
  version "1.42.1"
  resolved "https://registry.yarnpkg.com/sass/-/sass-1.42.1.tgz#5ab17bebc1cb1881ad2e0c9a932c66ad64e441e2"
  integrity sha512-/zvGoN8B7dspKc5mC6HlaygyCBRvnyzzgD5khiaCfglWztY99cYoiTUksVx11NlnemrcfH5CEaCpsUKoW0cQqg==
  dependencies:
    chokidar ">=3.0.0 <4.0.0"

sweetalert2@^11.1.7:
  version "11.1.7"
  resolved "https://registry.yarnpkg.com/sweetalert2/-/sweetalert2-11.1.7.tgz#0ff2851eae77a76a3fe0ab289d3c32493e811b6d"
  integrity sha512-7MHQVtKCTORfA9e58g9ZOfT3X58DkSBtvoCQJnqSHobXXb5C7aB8Yg/tAccTFnefCUBU41PoStjXMkzG3bNeig==

tippy.js@^6.3.2:
  version "6.3.2"
  resolved "https://registry.yarnpkg.com/tippy.js/-/tippy.js-6.3.2.tgz#c03a0b88f170dffeba42f569771801dddc1f6340"
  integrity sha512-35XVQI7Zl/jHZ51+8eHu/vVRXBjWYGobPm5G9FxOchj4r5dWhghKGS0nm0ARUKZTF96V7pPn7EbXS191NTwldw==
  dependencies:
    "@popperjs/core" "^2.9.0"

to-regex-range@^5.0.1:
  version "5.0.1"
  resolved "https://registry.yarnpkg.com/to-regex-range/-/to-regex-range-5.0.1.tgz#1648c44aae7c8d988a326018ed72f5b4dd0392e4"
  integrity sha512-65P7iz6X5yEr1cwcgvQxbbIw7Uk3gOy5dIdtZ4rDveLqhrdJP+Li/Hx6tyK0NEb+2GCyneCMJiGqrADCSNk8sQ==
  dependencies:
    is-number "^7.0.0"

turndown-plugin-gfm@^1.0.2:
  version "1.0.2"
  resolved "https://registry.yarnpkg.com/turndown-plugin-gfm/-/turndown-plugin-gfm-1.0.2.tgz#6f8678a361f35220b2bdf5619e6049add75bf1c7"
  integrity sha512-vwz9tfvF7XN/jE0dGoBei3FXWuvll78ohzCZQuOb+ZjWrs3a0XhQVomJEb2Qh4VHTPNRO4GPZh0V7VRbiWwkRg==

turndown@^7.1.1:
  version "7.1.1"
  resolved "https://registry.yarnpkg.com/turndown/-/turndown-7.1.1.tgz#96992f2d9b40a1a03d3ea61ad31b5a5c751ef77f"
  integrity sha512-BEkXaWH7Wh7e9bd2QumhfAXk5g34+6QUmmWx+0q6ThaVOLuLUqsnkq35HQ5SBHSaxjSfSM7US5o4lhJNH7B9MA==
  dependencies:
    domino "^2.1.6"

w3c-keyname@^2.2.0:
  version "2.2.4"
  resolved "https://registry.yarnpkg.com/w3c-keyname/-/w3c-keyname-2.2.4.tgz#4ade6916f6290224cdbd1db8ac49eab03d0eef6b"
  integrity sha512-tOhfEwEzFLJzf6d1ZPkYfGj+FWhIpBux9ppoP3rlclw3Z0BZv3N7b7030Z1kYth+6rDuAsXUFr+d0VE6Ed1ikw==
